// !$*UTF8*$!
{
	archiveVersion = 1;
	classes = {
	};
	objectVersion = 56;
	objects = {

/* Begin PBXBuildFile section */
		A10000001 /* BusinessCommandCenterApp.swift in Sources */ = {isa = PBXBuildFile; fileRef = A10000011 /* BusinessCommandCenterApp.swift */; };
		A10000002 /* ContentView.swift in Sources */ = {isa = PBXBuildFile; fileRef = A10000012 /* ContentView.swift */; };
		A10000003 /* HomeView.swift in Sources */ = {isa = PBXBuildFile; fileRef = A10000013 /* HomeView.swift */; };
		A10000004 /* ChatView.swift in Sources */ = {isa = PBXBuildFile; fileRef = A10000014 /* ChatView.swift */; };
		A10000005 /* SettingsView.swift in Sources */ = {isa = PBXBuildFile; fileRef = A10000015 /* SettingsView.swift */; };
		A10000006 /* Assets.xcassets in Resources */ = {isa = PBXBuildFile; fileRef = A10000016 /* Assets.xcassets */; };
		A10000007 /* AppState.swift in Sources */ = {isa = PBXBuildFile; fileRef = A10000018 /* AppState.swift */; };
		A10000008 /* KeychainManager.swift in Sources */ = {isa = PBXBuildFile; fileRef = A10000019 /* KeychainManager.swift */; };
		A10000009 /* BiometricAuth.swift in Sources */ = {isa = PBXBuildFile; fileRef = A1000001A /* BiometricAuth.swift */; };
		A1000000A /* LockManager.swift in Sources */ = {isa = PBXBuildFile; fileRef = A1000001B /* LockManager.swift */; };
		A1000000B /* HapticManager.swift in Sources */ = {isa = PBXBuildFile; fileRef = A1000001C /* HapticManager.swift */; };
		A1000000C /* Constants.swift in Sources */ = {isa = PBXBuildFile; fileRef = A1000001D /* Constants.swift */; };
		A1000000D /* LockScreenView.swift in Sources */ = {isa = PBXBuildFile; fileRef = A1000001E /* LockScreenView.swift */; };
		A1000000E /* APIKeyView.swift in Sources */ = {isa = PBXBuildFile; fileRef = A1000001F /* APIKeyView.swift */; };
		/* Phase 7 - Core */
		A20000001 /* NetworkManager.swift in Sources */ = {isa = PBXBuildFile; fileRef = A20000011 /* NetworkManager.swift */; };
		A20000002 /* NetworkError.swift in Sources */ = {isa = PBXBuildFile; fileRef = A20000012 /* NetworkError.swift */; };
		A20000003 /* HealthModels.swift in Sources */ = {isa = PBXBuildFile; fileRef = A20000013 /* HealthModels.swift */; };
		/* Phase 7 - Home Feature */
		A20000004 /* HomeViewModel.swift in Sources */ = {isa = PBXBuildFile; fileRef = A20000014 /* HomeViewModel.swift */; };
		A20000005 /* AlertsView.swift in Sources */ = {isa = PBXBuildFile; fileRef = A20000015 /* AlertsView.swift */; };
		A20000006 /* HealthScoreCard.swift in Sources */ = {isa = PBXBuildFile; fileRef = A20000016 /* HealthScoreCard.swift */; };
		A20000007 /* DepartmentHealthRow.swift in Sources */ = {isa = PBXBuildFile; fileRef = A20000017 /* DepartmentHealthRow.swift */; };
		A20000008 /* AlertBadge.swift in Sources */ = {isa = PBXBuildFile; fileRef = A20000018 /* AlertBadge.swift */; };
		A20000009 /* AlertRow.swift in Sources */ = {isa = PBXBuildFile; fileRef = A20000019 /* AlertRow.swift */; };
		A2000000A /* StatusIndicator.swift in Sources */ = {isa = PBXBuildFile; fileRef = A2000001A /* StatusIndicator.swift */; };
		/* Phase 9 - Chat Feature */
		A30000001 /* ChatViewModel.swift in Sources */ = {isa = PBXBuildFile; fileRef = A30000011 /* ChatViewModel.swift */; };
		A30000002 /* ChatMessage.swift in Sources */ = {isa = PBXBuildFile; fileRef = A30000012 /* ChatMessage.swift */; };
		A30000003 /* ChatEvent.swift in Sources */ = {isa = PBXBuildFile; fileRef = A30000013 /* ChatEvent.swift */; };
		A30000004 /* ChatService.swift in Sources */ = {isa = PBXBuildFile; fileRef = A30000014 /* ChatService.swift */; };
		A30000005 /* SpeechService.swift in Sources */ = {isa = PBXBuildFile; fileRef = A30000015 /* SpeechService.swift */; };
		A30000006 /* AIAvatarView.swift in Sources */ = {isa = PBXBuildFile; fileRef = A30000016 /* AIAvatarView.swift */; };
		A30000007 /* MessageBubble.swift in Sources */ = {isa = PBXBuildFile; fileRef = A30000017 /* MessageBubble.swift */; };
		A30000008 /* ChatInputBar.swift in Sources */ = {isa = PBXBuildFile; fileRef = A30000018 /* ChatInputBar.swift */; };
		A30000009 /* SkeletonBubble.swift in Sources */ = {isa = PBXBuildFile; fileRef = A30000019 /* SkeletonBubble.swift */; };
		A3000000A /* StreamingBubble.swift in Sources */ = {isa = PBXBuildFile; fileRef = A3000001A /* StreamingBubble.swift */; };
		A3000000B /* RecordingIndicator.swift in Sources */ = {isa = PBXBuildFile; fileRef = A3000001B /* RecordingIndicator.swift */; };
		A3000000C /* ConfirmationBubble.swift in Sources */ = {isa = PBXBuildFile; fileRef = A3000001C /* ConfirmationBubble.swift */; };
		A3000000D /* AnyCodable.swift in Sources */ = {isa = PBXBuildFile; fileRef = A3000001D /* AnyCodable.swift */; };
/* End PBXBuildFile section */

/* Begin PBXFileReference section */
		A10000010 /* BusinessCommandCenter.app */ = {isa = PBXFileReference; explicitFileType = wrapper.application; includeInIndex = 0; path = BusinessCommandCenter.app; sourceTree = BUILT_PRODUCTS_DIR; };
		A10000011 /* BusinessCommandCenterApp.swift */ = {isa = PBXFileReference; lastKnownFileType = sourcecode.swift; path = BusinessCommandCenterApp.swift; sourceTree = "<group>"; };
		A10000012 /* ContentView.swift */ = {isa = PBXFileReference; lastKnownFileType = sourcecode.swift; path = ContentView.swift; sourceTree = "<group>"; };
		A10000013 /* HomeView.swift */ = {isa = PBXFileReference; lastKnownFileType = sourcecode.swift; path = HomeView.swift; sourceTree = "<group>"; };
		A10000014 /* ChatView.swift */ = {isa = PBXFileReference; lastKnownFileType = sourcecode.swift; path = ChatView.swift; sourceTree = "<group>"; };
		A10000015 /* SettingsView.swift */ = {isa = PBXFileReference; lastKnownFileType = sourcecode.swift; path = SettingsView.swift; sourceTree = "<group>"; };
		A10000016 /* Assets.xcassets */ = {isa = PBXFileReference; lastKnownFileType = folder.assetcatalog; path = Assets.xcassets; sourceTree = "<group>"; };
		A10000017 /* Info.plist */ = {isa = PBXFileReference; lastKnownFileType = text.plist.xml; path = Info.plist; sourceTree = "<group>"; };
		A10000018 /* AppState.swift */ = {isa = PBXFileReference; lastKnownFileType = sourcecode.swift; path = AppState.swift; sourceTree = "<group>"; };
		A10000019 /* KeychainManager.swift */ = {isa = PBXFileReference; lastKnownFileType = sourcecode.swift; path = KeychainManager.swift; sourceTree = "<group>"; };
		A1000001A /* BiometricAuth.swift */ = {isa = PBXFileReference; lastKnownFileType = sourcecode.swift; path = BiometricAuth.swift; sourceTree = "<group>"; };
		A1000001B /* LockManager.swift */ = {isa = PBXFileReference; lastKnownFileType = sourcecode.swift; path = LockManager.swift; sourceTree = "<group>"; };
		A1000001C /* HapticManager.swift */ = {isa = PBXFileReference; lastKnownFileType = sourcecode.swift; path = HapticManager.swift; sourceTree = "<group>"; };
		A1000001D /* Constants.swift */ = {isa = PBXFileReference; lastKnownFileType = sourcecode.swift; path = Constants.swift; sourceTree = "<group>"; };
		A1000001E /* LockScreenView.swift */ = {isa = PBXFileReference; lastKnownFileType = sourcecode.swift; path = LockScreenView.swift; sourceTree = "<group>"; };
		A1000001F /* APIKeyView.swift */ = {isa = PBXFileReference; lastKnownFileType = sourcecode.swift; path = APIKeyView.swift; sourceTree = "<group>"; };
		/* Phase 7 - Core */
		A20000011 /* NetworkManager.swift */ = {isa = PBXFileReference; lastKnownFileType = sourcecode.swift; path = NetworkManager.swift; sourceTree = "<group>"; };
		A20000012 /* NetworkError.swift */ = {isa = PBXFileReference; lastKnownFileType = sourcecode.swift; path = NetworkError.swift; sourceTree = "<group>"; };
		A20000013 /* HealthModels.swift */ = {isa = PBXFileReference; lastKnownFileType = sourcecode.swift; path = HealthModels.swift; sourceTree = "<group>"; };
		/* Phase 7 - Home Feature */
		A20000014 /* HomeViewModel.swift */ = {isa = PBXFileReference; lastKnownFileType = sourcecode.swift; path = HomeViewModel.swift; sourceTree = "<group>"; };
		A20000015 /* AlertsView.swift */ = {isa = PBXFileReference; lastKnownFileType = sourcecode.swift; path = AlertsView.swift; sourceTree = "<group>"; };
		A20000016 /* HealthScoreCard.swift */ = {isa = PBXFileReference; lastKnownFileType = sourcecode.swift; path = HealthScoreCard.swift; sourceTree = "<group>"; };
		A20000017 /* DepartmentHealthRow.swift */ = {isa = PBXFileReference; lastKnownFileType = sourcecode.swift; path = DepartmentHealthRow.swift; sourceTree = "<group>"; };
		A20000018 /* AlertBadge.swift */ = {isa = PBXFileReference; lastKnownFileType = sourcecode.swift; path = AlertBadge.swift; sourceTree = "<group>"; };
		A20000019 /* AlertRow.swift */ = {isa = PBXFileReference; lastKnownFileType = sourcecode.swift; path = AlertRow.swift; sourceTree = "<group>"; };
		A2000001A /* StatusIndicator.swift */ = {isa = PBXFileReference; lastKnownFileType = sourcecode.swift; path = StatusIndicator.swift; sourceTree = "<group>"; };
		/* Phase 9 - Chat Feature */
		A30000011 /* ChatViewModel.swift */ = {isa = PBXFileReference; lastKnownFileType = sourcecode.swift; path = ChatViewModel.swift; sourceTree = "<group>"; };
		A30000012 /* ChatMessage.swift */ = {isa = PBXFileReference; lastKnownFileType = sourcecode.swift; path = ChatMessage.swift; sourceTree = "<group>"; };
		A30000013 /* ChatEvent.swift */ = {isa = PBXFileReference; lastKnownFileType = sourcecode.swift; path = ChatEvent.swift; sourceTree = "<group>"; };
		A30000014 /* ChatService.swift */ = {isa = PBXFileReference; lastKnownFileType = sourcecode.swift; path = ChatService.swift; sourceTree = "<group>"; };
		A30000015 /* SpeechService.swift */ = {isa = PBXFileReference; lastKnownFileType = sourcecode.swift; path = SpeechService.swift; sourceTree = "<group>"; };
		A30000016 /* AIAvatarView.swift */ = {isa = PBXFileReference; lastKnownFileType = sourcecode.swift; path = AIAvatarView.swift; sourceTree = "<group>"; };
		A30000017 /* MessageBubble.swift */ = {isa = PBXFileReference; lastKnownFileType = sourcecode.swift; path = MessageBubble.swift; sourceTree = "<group>"; };
		A30000018 /* ChatInputBar.swift */ = {isa = PBXFileReference; lastKnownFileType = sourcecode.swift; path = ChatInputBar.swift; sourceTree = "<group>"; };
		A30000019 /* SkeletonBubble.swift */ = {isa = PBXFileReference; lastKnownFileType = sourcecode.swift; path = SkeletonBubble.swift; sourceTree = "<group>"; };
		A3000001A /* StreamingBubble.swift */ = {isa = PBXFileReference; lastKnownFileType = sourcecode.swift; path = StreamingBubble.swift; sourceTree = "<group>"; };
		A3000001B /* RecordingIndicator.swift */ = {isa = PBXFileReference; lastKnownFileType = sourcecode.swift; path = RecordingIndicator.swift; sourceTree = "<group>"; };
		A3000001C /* ConfirmationBubble.swift */ = {isa = PBXFileReference; lastKnownFileType = sourcecode.swift; path = ConfirmationBubble.swift; sourceTree = "<group>"; };
		A3000001D /* AnyCodable.swift */ = {isa = PBXFileReference; lastKnownFileType = sourcecode.swift; path = AnyCodable.swift; sourceTree = "<group>"; };
/* End PBXFileReference section */

/* Begin PBXFrameworksBuildPhase section */
		A10000020 /* Frameworks */ = {
			isa = PBXFrameworksBuildPhase;
			buildActionMask = 2147483647;
			files = (
			);
			runOnlyForDeploymentPostprocessing = 0;
		};
/* End PBXFrameworksBuildPhase section */

/* Begin PBXGroup section */
		A10000030 = {
			isa = PBXGroup;
			children = (
				A10000031 /* BusinessCommandCenter */,
				A10000032 /* Products */,
			);
			sourceTree = "<group>";
		};
		A10000031 /* BusinessCommandCenter */ = {
			isa = PBXGroup;
			children = (
				A10000033 /* App */,
				A10000034 /* Core */,
				A10000035 /* Features */,
				A10000036 /* Shared */,
				A10000037 /* Resources */,
				A10000017 /* Info.plist */,
			);
			path = BusinessCommandCenter;
			sourceTree = "<group>";
		};
		A10000032 /* Products */ = {
			isa = PBXGroup;
			children = (
				A10000010 /* BusinessCommandCenter.app */,
			);
			name = Products;
			sourceTree = "<group>";
		};
		A10000033 /* App */ = {
			isa = PBXGroup;
			children = (
				A10000011 /* BusinessCommandCenterApp.swift */,
				A10000012 /* ContentView.swift */,
				A10000018 /* AppState.swift */,
			);
			path = App;
			sourceTree = "<group>";
		};
		A10000034 /* Core */ = {
			isa = PBXGroup;
			children = (
				A10000038 /* Security */,
				A10000039 /* Utilities */,
				A2000003A /* Network */,
				A2000003B /* Models */,
			);
			path = Core;
			sourceTree = "<group>";
		};
		A10000035 /* Features */ = {
			isa = PBXGroup;
			children = (
				A1000003A /* Home */,
				A1000003B /* Chat */,
				A1000003C /* Settings */,
			);
			path = Features;
			sourceTree = "<group>";
		};
		A10000036 /* Shared */ = {
			isa = PBXGroup;
			children = (
				A1000003D /* Components */,
			);
			path = Shared;
			sourceTree = "<group>";
		};
		A10000037 /* Resources */ = {
			isa = PBXGroup;
			children = (
				A10000016 /* Assets.xcassets */,
			);
			path = Resources;
			sourceTree = "<group>";
		};
		A10000038 /* Security */ = {
			isa = PBXGroup;
			children = (
				A10000019 /* KeychainManager.swift */,
				A1000001A /* BiometricAuth.swift */,
				A1000001B /* LockManager.swift */,
			);
			path = Security;
			sourceTree = "<group>";
		};
		A10000039 /* Utilities */ = {
			isa = PBXGroup;
			children = (
				A1000001C /* HapticManager.swift */,
				A1000001D /* Constants.swift */,
				A3000001D /* AnyCodable.swift */,
			);
			path = Utilities;
			sourceTree = "<group>";
		};
		A2000003A /* Network */ = {
			isa = PBXGroup;
			children = (
				A20000011 /* NetworkManager.swift */,
				A20000012 /* NetworkError.swift */,
			);
			path = Network;
			sourceTree = "<group>";
		};
		A2000003B /* Models */ = {
			isa = PBXGroup;
			children = (
				A20000013 /* HealthModels.swift */,
			);
			path = Models;
			sourceTree = "<group>";
		};
		A1000003A /* Home */ = {
			isa = PBXGroup;
			children = (
				A10000013 /* HomeView.swift */,
				A20000014 /* HomeViewModel.swift */,
				A20000015 /* AlertsView.swift */,
				A2000003C /* Components */,
			);
			path = Home;
			sourceTree = "<group>";
		};
		A2000003C /* Components */ = {
			isa = PBXGroup;
			children = (
				A20000016 /* HealthScoreCard.swift */,
				A20000017 /* DepartmentHealthRow.swift */,
				A20000018 /* AlertBadge.swift */,
				A20000019 /* AlertRow.swift */,
				A2000001A /* StatusIndicator.swift */,
			);
			path = Components;
			sourceTree = "<group>";
		};
		A1000003B /* Chat */ = {
			isa = PBXGroup;
			children = (
				A10000014 /* ChatView.swift */,
				A30000011 /* ChatViewModel.swift */,
				A3000003D /* Models */,
				A3000003E /* Services */,
				A3000003F /* Components */,
			);
			path = Chat;
			sourceTree = "<group>";
		};
		A3000003D /* Models */ = {
			isa = PBXGroup;
			children = (
				A30000012 /* ChatMessage.swift */,
				A30000013 /* ChatEvent.swift */,
			);
			path = Models;
			sourceTree = "<group>";
		};
		A3000003E /* Services */ = {
			isa = PBXGroup;
			children = (
				A30000014 /* ChatService.swift */,
				A30000015 /* SpeechService.swift */,
			);
			path = Services;
			sourceTree = "<group>";
		};
		A3000003F /* Components */ = {
			isa = PBXGroup;
			children = (
				A30000016 /* AIAvatarView.swift */,
				A30000017 /* MessageBubble.swift */,
				A30000018 /* ChatInputBar.swift */,
				A30000019 /* SkeletonBubble.swift */,
				A3000001A /* StreamingBubble.swift */,
				A3000001B /* RecordingIndicator.swift */,
				A3000001C /* ConfirmationBubble.swift */,
			);
			path = Components;
			sourceTree = "<group>";
		};
		A1000003C /* Settings */ = {
			isa = PBXGroup;
			children = (
				A10000015 /* SettingsView.swift */,
				A1000001F /* APIKeyView.swift */,
			);
			path = Settings;
			sourceTree = "<group>";
		};
		A1000003D /* Components */ = {
			isa = PBXGroup;
			children = (
				A1000001E /* LockScreenView.swift */,
			);
			path = Components;
			sourceTree = "<group>";
		};
/* End PBXGroup section */

/* Begin PBXNativeTarget section */
		A10000040 /* BusinessCommandCenter */ = {
			isa = PBXNativeTarget;
			buildConfigurationList = A10000050 /* Build configuration list for PBXNativeTarget "BusinessCommandCenter" */;
			buildPhases = (
				A10000041 /* Sources */,
				A10000020 /* Frameworks */,
				A10000042 /* Resources */,
			);
			buildRules = (
			);
			dependencies = (
			);
			name = BusinessCommandCenter;
			productName = BusinessCommandCenter;
			productReference = A10000010 /* BusinessCommandCenter.app */;
			productType = "com.apple.product-type.application";
		};
/* End PBXNativeTarget section */

/* Begin PBXProject section */
		A10000060 /* Project object */ = {
			isa = PBXProject;
			attributes = {
				BuildIndependentTargetsInParallel = 1;
				LastSwiftUpdateCheck = 1540;
				LastUpgradeCheck = 1540;
				TargetAttributes = {
					A10000040 = {
						CreatedOnToolsVersion = 15.4;
					};
				};
			};
			buildConfigurationList = A10000070 /* Build configuration list for PBXProject "BusinessCommandCenter" */;
			compatibilityVersion = "Xcode 14.0";
			developmentRegion = en;
			hasScannedForEncodings = 0;
			knownRegions = (
				en,
				Base,
			);
			mainGroup = A10000030;
			productRefGroup = A10000032 /* Products */;
			projectDirPath = "";
			projectRoot = "";
			targets = (
				A10000040 /* BusinessCommandCenter */,
			);
		};
/* End PBXProject section */

/* Begin PBXResourcesBuildPhase section */
		A10000042 /* Resources */ = {
			isa = PBXResourcesBuildPhase;
			buildActionMask = 2147483647;
			files = (
				A10000006 /* Assets.xcassets in Resources */,
			);
			runOnlyForDeploymentPostprocessing = 0;
		};
/* End PBXResourcesBuildPhase section */

/* Begin PBXSourcesBuildPhase section */
		A10000041 /* Sources */ = {
			isa = PBXSourcesBuildPhase;
			buildActionMask = 2147483647;
			files = (
				A10000001 /* BusinessCommandCenterApp.swift in Sources */,
				A10000002 /* ContentView.swift in Sources */,
				A10000007 /* AppState.swift in Sources */,
				A10000003 /* HomeView.swift in Sources */,
				A10000004 /* ChatView.swift in Sources */,
				A10000005 /* SettingsView.swift in Sources */,
				A1000000E /* APIKeyView.swift in Sources */,
				A10000008 /* KeychainManager.swift in Sources */,
				A10000009 /* BiometricAuth.swift in Sources */,
				A1000000A /* LockManager.swift in Sources */,
				A1000000B /* HapticManager.swift in Sources */,
				A1000000C /* Constants.swift in Sources */,
				A1000000D /* LockScreenView.swift in Sources */,
				/* Phase 7 - Core */
				A20000001 /* NetworkManager.swift in Sources */,
				A20000002 /* NetworkError.swift in Sources */,
				A20000003 /* HealthModels.swift in Sources */,
				/* Phase 7 - Home Feature */
				A20000004 /* HomeViewModel.swift in Sources */,
				A20000005 /* AlertsView.swift in Sources */,
				A20000006 /* HealthScoreCard.swift in Sources */,
				A20000007 /* DepartmentHealthRow.swift in Sources */,
				A20000008 /* AlertBadge.swift in Sources */,
				A20000009 /* AlertRow.swift in Sources */,
				A2000000A /* StatusIndicator.swift in Sources */,
				/* Phase 9 - Chat Feature */
				A30000001 /* ChatViewModel.swift in Sources */,
				A30000002 /* ChatMessage.swift in Sources */,
				A30000003 /* ChatEvent.swift in Sources */,
				A30000004 /* ChatService.swift in Sources */,
				A30000005 /* SpeechService.swift in Sources */,
				A30000006 /* AIAvatarView.swift in Sources */,
				A30000007 /* MessageBubble.swift in Sources */,
				A30000008 /* ChatInputBar.swift in Sources */,
				A30000009 /* SkeletonBubble.swift in Sources */,
				A3000000A /* StreamingBubble.swift in Sources */,
				A3000000B /* RecordingIndicator.swift in Sources */,
				A3000000C /* ConfirmationBubble.swift in Sources */,
				A3000000D /* AnyCodable.swift in Sources */,
			);
			runOnlyForDeploymentPostprocessing = 0;
		};
/* End PBXSourcesBuildPhase section */

/* Begin XCBuildConfiguration section */
		A10000080 /* Debug */ = {
			isa = XCBuildConfiguration;
			buildSettings = {
				ALWAYS_SEARCH_USER_PATHS = NO;
				ASSETCATALOG_COMPILER_GENERATE_SWIFT_ASSET_SYMBOL_EXTENSIONS = YES;
				CLANG_ANALYZER_NONNULL = YES;
				CLANG_ANALYZER_NUMBER_OBJECT_CONVERSION = YES_AGGRESSIVE;
				CLANG_CXX_LANGUAGE_STANDARD = "gnu++20";
				CLANG_ENABLE_MODULES = YES;
				CLANG_ENABLE_OBJC_ARC = YES;
				CLANG_ENABLE_OBJC_WEAK = YES;
				CLANG_WARN_BLOCK_CAPTURE_AUTORELEASING = YES;
				CLANG_WARN_BOOL_CONVERSION = YES;
				CLANG_WARN_COMMA = YES;
				CLANG_WARN_CONSTANT_CONVERSION = YES;
				CLANG_WARN_DEPRECATED_OBJC_IMPLEMENTATIONS = YES;
				CLANG_WARN_DIRECT_OBJC_ISA_USAGE = YES_ERROR;
				CLANG_WARN_DOCUMENTATION_COMMENTS = YES;
				CLANG_WARN_EMPTY_BODY = YES;
				CLANG_WARN_ENUM_CONVERSION = YES;
				CLANG_WARN_INFINITE_RECURSION = YES;
				CLANG_WARN_INT_CONVERSION = YES;
				CLANG_WARN_NON_LITERAL_NULL_CONVERSION = YES;
				CLANG_WARN_OBJC_IMPLICIT_RETAIN_SELF = YES;
				CLANG_WARN_OBJC_LITERAL_CONVERSION = YES;
				CLANG_WARN_OBJC_ROOT_CLASS = YES_ERROR;
				CLANG_WARN_QUOTED_INCLUDE_IN_FRAMEWORK_HEADER = YES;
				CLANG_WARN_RANGE_LOOP_ANALYSIS = YES;
				CLANG_WARN_STRICT_PROTOTYPES = YES;
				CLANG_WARN_SUSPICIOUS_MOVE = YES;
				CLANG_WARN_UNGUARDED_AVAILABILITY = YES_AGGRESSIVE;
				CLANG_WARN_UNREACHABLE_CODE = YES;
				CLANG_WARN__DUPLICATE_METHOD_MATCH = YES;
				COPY_PHASE_STRIP = NO;
				DEBUG_INFORMATION_FORMAT = dwarf;
				ENABLE_STRICT_OBJC_MSGSEND = YES;
				ENABLE_TESTABILITY = YES;
				ENABLE_USER_SCRIPT_SANDBOXING = YES;
				GCC_C_LANGUAGE_STANDARD = gnu17;
				GCC_DYNAMIC_NO_PIC = NO;
				GCC_NO_COMMON_BLOCKS = YES;
				GCC_OPTIMIZATION_LEVEL = 0;
				GCC_PREPROCESSOR_DEFINITIONS = (
					"DEBUG=1",
					"$(inherited)",
				);
				GCC_WARN_64_TO_32_BIT_CONVERSION = YES;
				GCC_WARN_ABOUT_RETURN_TYPE = YES_ERROR;
				GCC_WARN_UNDECLARED_SELECTOR = YES;
				GCC_WARN_UNINITIALIZED_AUTOS = YES_AGGRESSIVE;
				GCC_WARN_UNUSED_FUNCTION = YES;
				GCC_WARN_UNUSED_VARIABLE = YES;
				IPHONEOS_DEPLOYMENT_TARGET = 17.0;
				LOCALIZATION_PREFERS_STRING_CATALOGS = YES;
				MTL_ENABLE_DEBUG_INFO = INCLUDE_SOURCE;
				MTL_FAST_MATH = YES;
				ONLY_ACTIVE_ARCH = YES;
				SDKROOT = iphoneos;
				SWIFT_ACTIVE_COMPILATION_CONDITIONS = "DEBUG $(inherited)";
				SWIFT_OPTIMIZATION_LEVEL = "-Onone";
			};
			name = Debug;
		};
		A10000081 /* Release */ = {
			isa = XCBuildConfiguration;
			buildSettings = {
				ALWAYS_SEARCH_USER_PATHS = NO;
				ASSETCATALOG_COMPILER_GENERATE_SWIFT_ASSET_SYMBOL_EXTENSIONS = YES;
				CLANG_ANALYZER_NONNULL = YES;
				CLANG_ANALYZER_NUMBER_OBJECT_CONVERSION = YES_AGGRESSIVE;
				CLANG_CXX_LANGUAGE_STANDARD = "gnu++20";
				CLANG_ENABLE_MODULES = YES;
				CLANG_ENABLE_OBJC_ARC = YES;
				CLANG_ENABLE_OBJC_WEAK = YES;
				CLANG_WARN_BLOCK_CAPTURE_AUTORELEASING = YES;
				CLANG_WARN_BOOL_CONVERSION = YES;
				CLANG_WARN_COMMA = YES;
				CLANG_WARN_CONSTANT_CONVERSION = YES;
				CLANG_WARN_DEPRECATED_OBJC_IMPLEMENTATIONS = YES;
				CLANG_WARN_DIRECT_OBJC_ISA_USAGE = YES_ERROR;
				CLANG_WARN_DOCUMENTATION_COMMENTS = YES;
				CLANG_WARN_EMPTY_BODY = YES;
				CLANG_WARN_ENUM_CONVERSION = YES;
				CLANG_WARN_INFINITE_RECURSION = YES;
				CLANG_WARN_INT_CONVERSION = YES;
				CLANG_WARN_NON_LITERAL_NULL_CONVERSION = YES;
				CLANG_WARN_OBJC_IMPLICIT_RETAIN_SELF = YES;
				CLANG_WARN_OBJC_LITERAL_CONVERSION = YES;
				CLANG_WARN_OBJC_ROOT_CLASS = YES_ERROR;
				CLANG_WARN_QUOTED_INCLUDE_IN_FRAMEWORK_HEADER = YES;
				CLANG_WARN_RANGE_LOOP_ANALYSIS = YES;
				CLANG_WARN_STRICT_PROTOTYPES = YES;
				CLANG_WARN_SUSPICIOUS_MOVE = YES;
				CLANG_WARN_UNGUARDED_AVAILABILITY = YES_AGGRESSIVE;
				CLANG_WARN_UNREACHABLE_CODE = YES;
				CLANG_WARN__DUPLICATE_METHOD_MATCH = YES;
				COPY_PHASE_STRIP = NO;
				DEBUG_INFORMATION_FORMAT = "dwarf-with-dsym";
				ENABLE_NS_ASSERTIONS = NO;
				ENABLE_STRICT_OBJC_MSGSEND = YES;
				ENABLE_USER_SCRIPT_SANDBOXING = YES;
				GCC_C_LANGUAGE_STANDARD = gnu17;
				GCC_NO_COMMON_BLOCKS = YES;
				GCC_WARN_64_TO_32_BIT_CONVERSION = YES;
				GCC_WARN_ABOUT_RETURN_TYPE = YES_ERROR;
				GCC_WARN_UNDECLARED_SELECTOR = YES;
				GCC_WARN_UNINITIALIZED_AUTOS = YES_AGGRESSIVE;
				GCC_WARN_UNUSED_FUNCTION = YES;
				GCC_WARN_UNUSED_VARIABLE = YES;
				IPHONEOS_DEPLOYMENT_TARGET = 17.0;
				LOCALIZATION_PREFERS_STRING_CATALOGS = YES;
				MTL_ENABLE_DEBUG_INFO = NO;
				MTL_FAST_MATH = YES;
				SDKROOT = iphoneos;
				SWIFT_COMPILATION_MODE = wholemodule;
				VALIDATE_PRODUCT = YES;
			};
			name = Release;
		};
		A10000082 /* Debug */ = {
			isa = XCBuildConfiguration;
			buildSettings = {
				ASSETCATALOG_COMPILER_APPICON_NAME = AppIcon;
				ASSETCATALOG_COMPILER_GLOBAL_ACCENT_COLOR_NAME = AccentColor;
				CODE_SIGN_STYLE = Automatic;
				CURRENT_PROJECT_VERSION = 1;
				DEVELOPMENT_TEAM = "";
				ENABLE_PREVIEWS = YES;
				GENERATE_INFOPLIST_FILE = NO;
				INFOPLIST_FILE = BusinessCommandCenter/Info.plist;
				INFOPLIST_KEY_UIApplicationSceneManifest_Generation = YES;
				INFOPLIST_KEY_UIApplicationSupportsIndirectInputEvents = YES;
				INFOPLIST_KEY_UILaunchScreen_Generation = YES;
				INFOPLIST_KEY_UISupportedInterfaceOrientations = UIInterfaceOrientationPortrait;
				LD_RUNPATH_SEARCH_PATHS = (
					"$(inherited)",
					"@executable_path/Frameworks",
				);
				MARKETING_VERSION = 2.0.0;
				PRODUCT_BUNDLE_IDENTIFIER = com.iaml.businesscommandcenter;
				PRODUCT_NAME = "$(TARGET_NAME)";
				SWIFT_EMIT_LOC_STRINGS = YES;
				SWIFT_VERSION = 5.0;
				TARGETED_DEVICE_FAMILY = "1,2";
			};
			name = Debug;
		};
		A10000083 /* Release */ = {
			isa = XCBuildConfiguration;
			buildSettings = {
				ASSETCATALOG_COMPILER_APPICON_NAME = AppIcon;
				ASSETCATALOG_COMPILER_GLOBAL_ACCENT_COLOR_NAME = AccentColor;
				CODE_SIGN_STYLE = Automatic;
				CURRENT_PROJECT_VERSION = 1;
				DEVELOPMENT_TEAM = "";
				ENABLE_PREVIEWS = YES;
				GENERATE_INFOPLIST_FILE = NO;
				INFOPLIST_FILE = BusinessCommandCenter/Info.plist;
				INFOPLIST_KEY_UIApplicationSceneManifest_Generation = YES;
				INFOPLIST_KEY_UIApplicationSupportsIndirectInputEvents = YES;
				INFOPLIST_KEY_UILaunchScreen_Generation = YES;
				INFOPLIST_KEY_UISupportedInterfaceOrientations = UIInterfaceOrientationPortrait;
				LD_RUNPATH_SEARCH_PATHS = (
					"$(inherited)",
					"@executable_path/Frameworks",
				);
				MARKETING_VERSION = 2.0.0;
				PRODUCT_BUNDLE_IDENTIFIER = com.iaml.businesscommandcenter;
				PRODUCT_NAME = "$(TARGET_NAME)";
				SWIFT_EMIT_LOC_STRINGS = YES;
				SWIFT_VERSION = 5.0;
				TARGETED_DEVICE_FAMILY = "1,2";
			};
			name = Release;
		};
/* End XCBuildConfiguration section */

/* Begin XCConfigurationList section */
		A10000050 /* Build configuration list for PBXNativeTarget "BusinessCommandCenter" */ = {
			isa = XCConfigurationList;
			buildConfigurations = (
				A10000082 /* Debug */,
				A10000083 /* Release */,
			);
			defaultConfigurationIsVisible = 0;
			defaultConfigurationName = Release;
		};
		A10000070 /* Build configuration list for PBXProject "BusinessCommandCenter" */ = {
			isa = XCConfigurationList;
			buildConfigurations = (
				A10000080 /* Debug */,
				A10000081 /* Release */,
			);
			defaultConfigurationIsVisible = 0;
			defaultConfigurationName = Release;
		};
/* End XCConfigurationList section */
	};
	rootObject = A10000060 /* Project object */;
}
